4d63.com/gochecknoglobals v0.0.0-20201008074935-acfc0b28355a/go.mod h1:wfdC5ZjKSPr7CybKEcgJhUOgeAQW1+7WcyK8OvUilfo=
bitbucket.org/creachadair/shell v0.0.6/go.mod h1:8Qqi/cYk7vPnsOePHroKXDJYmb5x7ENhtiFtfZq8K+M=
cloud.google.com/go v0.26.0/go.mod h1:aQUYkXzVsufM+DwF1aE+0xfcU+56JwCaLick0ClmMTw=
cloud.google.com/go v0.34.0/go.mod h1:aQUYkXzVsufM+DwF1aE+0xfcU+56JwCaLick0ClmMTw=
cloud.google.com/go v0.38.0/go.mod h1:990N+gfupTy94rShfmMCWGDn0LpTmnzTp2qbd1dvSRU=
cloud.google.com/go v0.44.1/go.mod h1:iSa0KzasP4Uvy3f1mN/7PiObzGgflwredwwASm/v6AU=
cloud.google.com/go v0.44.2/go.mod h1:60680Gw3Yr4ikxnPRS/oxxkBccT6SA1yMk63TGekxKY=
cloud.google.com/go v0.44.3/go.mod h1:60680Gw3Yr4ikxnPRS/oxxkBccT6SA1yMk63TGekxKY=
cloud.google.com/go v0.45.1/go.mod h1:RpBamKRgapWJb87xiFSdk4g1CME7QZg3uwTez+TSTjc=
cloud.google.com/go v0.46.3/go.mod h1:a6bKKbmY7er1mI7TEI4lsAkts/mkhTSZK8w33B4RAg0=
cloud.google.com/go v0.50.0/go.mod h1:r9sluTvynVuxRIOHXQEHMFffphuXHOMZMycpNR5e6To=
cloud.google.com/go v0.52.0/go.mod h1:pXajvRH/6o3+F9jDHZWQ5PbGhn+o8w9qiu/CffaVdO4=
cloud.google.com/go v0.53.0/go.mod h1:fp/UouUEsRkN6ryDKNW/Upv/JBKnv6WDthjR6+vze6M=
cloud.google.com/go v0.54.0/go.mod h1:1rq2OEkV3YMf6n/9ZvGWI3GWw0VoqH/1x2nd8Is/bPc=
cloud.google.com/go v0.56.0/go.mod h1:jr7tqZxxKOVYizybht9+26Z/gUq7tiRzu+ACVAMbKVk=
cloud.google.com/go v0.57.0/go.mod h1:oXiQ6Rzq3RAkkY7N6t3TcE6jE+CIBBbA36lwQ1JyzZs=
cloud.google.com/go v0.60.0/go.mod h1:yw2G51M9IfRboUH61Us8GqCeF1PzPblB823Mn2q2eAU=
cloud.google.com/go v0.62.0/go.mod h1:jmCYTdRCQuc1PHIIJ/maLInMho30T/Y0M4hTdTShOYc=
cloud.google.com/go v0.65.0/go.mod h1:O5N8zS7uWy9vkA9vayVHs65eM1ubvY4h553ofrNHObY=
cloud.google.com/go v0.72.0/go.mod h1:M+5Vjvlc2wnp6tjzE102Dw08nGShTscUx2nZMufOKPI=
cloud.google.com/go v0.74.0/go.mod h1:VV1xSbzvo+9QJOxLDaJfTjx5e+MePCpCWwvftOeQmWk=
cloud.google.com/go v0.75.0/go.mod h1:VGuuCn7PG0dwsd5XPVm2Mm3wlh3EL55/79EKB6hlPTY=
cloud.google.com/go v0.78.0/go.mod h1:QjdrLG0uq+YwhjoVOLsS1t7TW8fs36kLs4XO5R5ECHg=
cloud.google.com/go v0.79.0/go.mod h1:3bzgcEeQlzbuEAYu4mrWhKqWjmpprinYgKJLgKHnbb8=
cloud.google.com/go v0.81.0/go.mod h1:mk/AM35KwGk/Nm2YSeZbxXdrNK3KZOYHmLkOqC2V6E0=
cloud.google.com/go v0.83.0/go.mod h1:Z7MJUsANfY0pYPdw0lbnivPx4/vhy/e2FEkSkF7vAVY=
cloud.google.com/go v0.84.0/go.mod h1:RazrYuxIK6Kb7YrzzhPoLmCVzl7Sup4NrbKPg8KHSUM=
cloud.google.com/go v0.87.0/go.mod h1:TpDYlFy7vuLzZMMZ+B6iRiELaY7z/gJPaqbMx6mlWcY=
cloud.google.com/go v0.90.0/go.mod h1:kRX0mNRHe0e2rC6oNakvwQqzyDmg57xJ+SZU1eT2aDQ=
cloud.google.com/go v0.93.3/go.mod h1:8utlLll2EF5XMAV15woO4lSbWQlk8rer9aLOfLh7+YI=
cloud.google.com/go v0.94.1/go.mod h1:qAlAugsXlC+JWO+Bke5vCtc9ONxjQT3drlTTnAplMW4=
cloud.google.com/go v0.97.0/go.mod h1:GF7l59pYBVlXQIBLx3a761cZ41F9bBH3JUlihCt2Udc=
cloud.google.com/go v0.99.0/go.mod h1:w0Xx2nLzqWJPuozYQX+hFfCSI8WioryfRDzkoI/Y2ZA=
cloud.google.com/go v0.100.2/go.mod h1:4Xra9TjzAeYHrl5+oeLlzbM2k3mjVhZh4UqTZ//w99A=
cloud.google.com/go v0.102.0/go.mod h1:oWcCzKlqJ5zgHQt9YsaeTY9KzIvjyy0ArmiBUgpQ+nc=
cloud.google.com/go v0.105.0 h1:DNtEKRBAAzeS4KyIory52wWHuClNaXJ5x1F7xa4q+5Y=
cloud.google.com/go/bigquery v1.0.1/go.mod h1:i/xbL2UlR5RvWAURpBYZTtm/cXjCha9lbfbpx4poX+o=
cloud.google.com/go/bigquery v1.3.0/go.mod h1:PjpwJnslEMmckchkHFfq+HTD2DmtT67aNFKH1/VBDHE=
cloud.google.com/go/bigquery v1.4.0/go.mod h1:S8dzgnTigyfTmLBfrtrhyYhwRxG72rYxvftPBK2Dvzc=
cloud.google.com/go/bigquery v1.5.0/go.mod h1:snEHRnqQbz117VIFhE8bmtwIDY80NLUZUMb4Nv6dBIg=
cloud.google.com/go/bigquery v1.7.0/go.mod h1://okPTzCYNXSlb24MZs83e2Do+h+VXtc4gLoIoXIAPc=
cloud.google.com/go/bigquery v1.8.0/go.mod h1:J5hqkt3O0uAFnINi6JXValWIb1v0goeZM77hZzJN/fQ=
cloud.google.com/go/compute v0.1.0/go.mod h1:GAesmwr110a34z04OlxYkATPBEfVhkymfTBXtfbBFow=
cloud.google.com/go/compute v1.3.0/go.mod h1:cCZiE1NHEtai4wiufUhW8I8S1JKkAnhnQJWM7YD99wM=
cloud.google.com/go/compute v1.5.0/go.mod h1:9SMHyhJlzhlkJqrPAc839t2BZFTSk6Jdj6mkzQJeu0M=
cloud.google.com/go/compute v1.6.0/go.mod h1:T29tfhtVbq1wvAPo0E3+7vhgmkOYeXjhFvz/FMzPu0s=
cloud.google.com/go/compute v1.6.1/go.mod h1:g85FgpzFvNULZ+S8AYq87axRKuf2Kh7deLqV/jJ3thU=
cloud.google.com/go/compute v1.7.0/go.mod h1:435lt8av5oL9P3fv1OEzSbSUe+ybHXGMPQHHZWZxy9U=
cloud.google.com/go/compute v1.14.0 h1:hfm2+FfxVmnRlh6LpB7cg1ZNU+5edAHmW679JePztk0=
cloud.google.com/go/compute v1.14.0/go.mod h1:YfLtxrj9sU4Yxv+sXzZkyPjEyPBZfXHUvjxega5vAdo=
cloud.google.com/go/compute/metadata v0.2.2 h1:aWKAjYaBaOSrpKl57+jnS/3fJRQnxL7TvR/u1VVbt6k=
cloud.google.com/go/compute/metadata v0.2.2/go.mod h1:jgHgmJd2RKBGzXqF5LR2EZMGxBkeanZ9wwa75XHJgOM=
cloud.google.com/go/datastore v1.0.0/go.mod h1:LXYbyblFSglQ5pkeyhO+Qmw7ukd3C+pD7TKLgZqpHYE=
cloud.google.com/go/datastore v1.1.0/go.mod h1:umbIZjpQpHh4hmRpGhH4tLFup+FVzqBi1b3c64qFpCk=
cloud.google.com/go/firestore v1.1.0/go.mod h1:ulACoGHTpvq5r8rxGJ4ddJZBZqakUQqClKRT5SZwBmk=
cloud.google.com/go/firestore v1.5.0/go.mod h1:c4nNYR1qdq7eaZ+jSc5fonrQN2k3M7sWATcYTiakjEo=
cloud.google.com/go/iam v0.3.0/go.mod h1:XzJPvDayI+9zsASAFO68Hk07u3z+f+JrT2xXNdp4bnY=
cloud.google.com/go/iam v0.8.0 h1:E2osAkZzxI/+8pZcxVLcDtAQx/u+hZXVryUaYQ5O0Kk=
cloud.google.com/go/iam v0.8.0/go.mod h1:lga0/y3iH6CX7sYqypWJ33hf7kkfXJag67naqGESjkE=
cloud.google.com/go/kms v1.7.0 h1:8FCf8C7qfOuSr6YzOQ4RGjJvswSRFeOpur3nHOlJbio=
cloud.google.com/go/kms v1.7.0/go.mod h1:k2UdVoNIHLJi/Rnng6dN0vlq7lS3jHSDiZasft+gmYE=
cloud.google.com/go/longrunning v0.3.0 h1:NjljC+FYPV3uh5/OwWT6pVU+doBqMg2x/rZlE+CamDs=
cloud.google.com/go/pubsub v1.0.1/go.mod h1:R0Gpsv3s54REJCy4fxDixWD93lHJMoZTyQ2kNxGRt3I=
cloud.google.com/go/pubsub v1.1.0/go.mod h1:EwwdRX2sKPjnvnqCa270oGRyludottCI76h+R3AArQw=
cloud.google.com/go/pubsub v1.2.0/go.mod h1:jhfEVHT8odbXTkndysNHCcx0awwzvfOlguIAii9o8iA=
cloud.google.com/go/pubsub v1.3.1/go.mod h1:i+ucay31+CNRpDW4Lu78I4xXG+O1r/MAHgjpRVR+TSU=
cloud.google.com/go/pubsub v1.5.0/go.mod h1:ZEwJccE3z93Z2HWvstpri00jOg7oO4UZDtKhwDwqF0w=
cloud.google.com/go/spanner v1.7.0/go.mod h1:sd3K2gZ9Fd0vMPLXzeCrF6fq4i63Q7aTLW/lBIfBkIk=
cloud.google.com/go/storage v1.0.0/go.mod h1:IhtSnM/ZTZV8YYJWCY8RULGVqBDmpoyjwiyrjsg+URw=
cloud.google.com/go/storage v1.5.0/go.mod h1:tpKbwo567HUNpVclU5sGELwQWBDZ8gh0ZeosJ0Rtdos=
cloud.google.com/go/storage v1.6.0/go.mod h1:N7U0C8pVQ/+NIKOBQyamJIeKQKkZ+mxpohlUTyfDhBk=
cloud.google.com/go/storage v1.8.0/go.mod h1:Wv1Oy7z6Yz3DshWRJFhqM/UCfaWIRTdp0RXyy7KQOVs=
cloud.google.com/go/storage v1.10.0/go.mod h1:FLPqc6j+Ki4BU591ie1oL6qBQGu2Bl/tZ9ullr3+Kg0=
cloud.google.com/go/storage v1.14.0/go.mod h1:GrKmX003DSIwi9o29oFT7YDnHYwZoctc3fOKtUw0Xmo=
cloud.google.com/go/storage v1.22.1/go.mod h1:S8N1cAStu7BOeFfE8KAQzmyyLkK8p/vmRq6kuBTW58Y=
