dependencies:
- name: kyverno.io
  repository: file://../kyverno.io
  version: v0.0.0
- name: policies.kyverno.io
  repository: file://../policies.kyverno.io
  version: v0.0.0
- name: reports.kyverno.io
  repository: file://../reports.kyverno.io
  version: v0.0.0
- name: wgpolicyk8s.io
  repository: file://../wgpolicyk8s.io
  version: v0.0.0
digest: sha256:42c11d72729d82cdcc5a8475e88e5003dbae041ec95c1a3665f7735c42764d2b
generated: "2025-10-07T16:48:17.592814+02:00"
