dependencies:
- name: grafana
  repository: ""
  version: v0.0.0
- name: crds
  repository: ""
  version: v0.0.0
- name: kyverno-api
  repository: https://kyverno.github.io/api
  version: 0.0.1-alpha.2
- name: openreports
  repository: https://openreports.github.io/reports-api
  version: 0.1.0
- name: reports-server
  repository: https://kyverno.github.io/reports-server/
  version: 0.1.6
digest: sha256:cb073a15fbbd00d98c475a2532a1f1198d40e10de1c13aa05319c511ad412ceb
generated: "2026-01-28T13:55:10.067072+01:00"
