dependencies:
- name: grafana
  repository: ""
  version: 3.8.0-rc.1
- name: crds
  repository: ""
  version: 3.8.0-rc.1
- name: kyverno-api
  repository: https://kyverno.github.io/api
  version: 0.0.1-alpha.2
- name: openreports
  repository: https://openreports.github.io/reports-api
  version: 0.1.0
- name: reports-server
  repository: https://kyverno.github.io/reports-server/
  version: 0.1.6
digest: sha256:f7211d181592492c087142779dcbfb3cd05fd50c664d315d0a644b252eff5c2c
generated: "2026-04-21T14:26:06.819592+02:00"
