dependencies:
- name: grafana
  repository: ""
  version: v0.0.0
- name: crds
  repository: file://../crds
  version: v0.0.0
- name: openreports
  repository: https://openreports.github.io/reports-api
  version: 0.1.0
digest: sha256:0f5dbe4379d18c7bb9d197670ea45a57ffb25cb48e1e78989c8dcdd3cd8aa8a8
generated: "2025-10-07T13:00:12.519359+02:00"
