# THIS IS AN AUTOGENERATED FILE. DO NOT EDIT THIS FILE DIRECTLY.
# yarn lockfile v1


bulma-dashboard@^0.1.35:
  version "0.1.35"
  resolved "https://registry.yarnpkg.com/bulma-dashboard/-/bulma-dashboard-0.1.35.tgz#36d0ada81ad0a7bc01d85907f41c053b3a2914f7"
  integrity sha512-X+suGy0faRKtp7nK78/1A6Vq6obnGOMaWT+QMHuS+MRiqVTt5iarsNdOyUYI720JeZeBxeJ3P6/PghJ9gAFd+w==

bulma@^0.7.2:
  version "0.7.2"
  resolved "https://registry.yarnpkg.com/bulma/-/bulma-0.7.2.tgz#8e944377b74c7926558830d38d8e19eaf49f5fb6"
  integrity sha512-6JHEu8U/1xsyOst/El5ImLcZIiE2JFXgvrz8GGWbnDLwTNRPJzdAM0aoUM1Ns0avALcVb6KZz9NhzmU53dGDcQ==

minireset.css@^0.0.3:
  version "0.0.3"
  resolved "https://registry.yarnpkg.com/minireset.css/-/minireset.css-0.0.3.tgz#0b112dbbd7809ea0fc965388b79fd29390778fe5"
  integrity sha1-CxEtu9eAnqD8llOIt5/Sk5B3j+U=
